
Microsoft Visual Studio Solution File, Format Version 12.00
# Visual Studio Version 17
VisualStudioVersion = 17.6.33829.357
MinimumVisualStudioVersion = 10.0.40219.1
Project("{FAE04EC0-301F-11D3-BF4B-00C04F79EFBC}") = "WindowsAuth", "WindowsAuth\WindowsAuth.csproj", "{6A52BCA5-95C0-4E44-A32A-2E46DE8EFE60}"
EndProject
Global
	GlobalSection(SolutionConfigurationPlatforms) = preSolution
		Debug|Any CPU = Debug|Any CPU
		Release|Any CPU = Release|Any CPU
	EndGlobalSection
	GlobalSection(ProjectConfigurationPlatforms) = postSolution
		{6A52BCA5-95C0-4E44-A32A-2E46DE8EFE60}.Debug|Any CPU.ActiveCfg = Debug|Any CPU
		{6A52BCA5-95C0-4E44-A32A-2E46DE8EFE60}.Debug|Any CPU.Build.0 = Debug|Any CPU
		{6A52BCA5-95C0-4E44-A32A-2E46DE8EFE60}.Release|Any CPU.ActiveCfg = Release|Any CPU
		{6A52BCA5-95C0-4E44-A32A-2E46DE8EFE60}.Release|Any CPU.Build.0 = Release|Any CPU
	EndGlobalSection
	GlobalSection(SolutionProperties) = preSolution
		HideSolutionNode = FALSE
	EndGlobalSection
	GlobalSection(ExtensibilityGlobals) = postSolution
		SolutionGuid = {E2D7FE2B-341E-47EA-B6FB-F5D1C197E04B}
	EndGlobalSection
EndGlobal
